
Microsoft Visual Studio Solution File, Format Version 12.00
# Visual Studio Version 17
VisualStudioVersion = 17.0.31903.59
MinimumVisualStudioVersion = 10.0.40219.1
Project("{FAE04EC0-301F-11D3-BF4B-00C04F79EFBC}") = "eCommerce.Contracts", "eCommerce.Contracts\eCommerce.Contracts.csproj", "{6812160F-4ABE-40BF-A33B-DC54D8B4E0D8}"
EndProject
Project("{FAE04EC0-301F-11D3-BF4B-00C04F79EFBC}") = "eCommerce", "eCommerce\eCommerce.csproj", "{95F77226-0C2D-4F19-829F-B3140492A36C}"
EndProject
Global
	GlobalSection(SolutionConfigurationPlatforms) = preSolution
		Debug|Any CPU = Debug|Any CPU
		Release|Any CPU = Release|Any CPU
	EndGlobalSection
	GlobalSection(SolutionProperties) = preSolution
		HideSolutionNode = FALSE
	EndGlobalSection
	GlobalSection(ProjectConfigurationPlatforms) = postSolution
		{6812160F-4ABE-40BF-A33B-DC54D8B4E0D8}.Debug|Any CPU.ActiveCfg = Debug|Any CPU
		{6812160F-4ABE-40BF-A33B-DC54D8B4E0D8}.Debug|Any CPU.Build.0 = Debug|Any CPU
		{6812160F-4ABE-40BF-A33B-DC54D8B4E0D8}.Release|Any CPU.ActiveCfg = Release|Any CPU
		{6812160F-4ABE-40BF-A33B-DC54D8B4E0D8}.Release|Any CPU.Build.0 = Release|Any CPU
		{95F77226-0C2D-4F19-829F-B3140492A36C}.Debug|Any CPU.ActiveCfg = Debug|Any CPU
		{95F77226-0C2D-4F19-829F-B3140492A36C}.Debug|Any CPU.Build.0 = Debug|Any CPU
		{95F77226-0C2D-4F19-829F-B3140492A36C}.Release|Any CPU.ActiveCfg = Release|Any CPU
		{95F77226-0C2D-4F19-829F-B3140492A36C}.Release|Any CPU.Build.0 = Release|Any CPU
	EndGlobalSection
EndGlobal
